{
  "requires": true,
  "lockfileVersion": 1,
  "dependencies": {
    "jconfirm": {
      "version": "4.5.3",
      "resolved": "https://registry.npmjs.org/jconfirm/-/jconfirm-4.5.3.tgz",
      "integrity": "sha512-5xCirj9EgZESCF3DenSTOpmA93Jyn8Vl36/3CninnIOKKj76S4xapgwdlLGp93WqDMCegTx4HinrFk6jb6T76Q==",
      "requires": {
        "jquery": "^3.0.0"
      }
    },
    "jquery": {
      "version": "3.6.0",
      "resolved": "https://registry.npmjs.org/jquery/-/jquery-3.6.0.tgz",
      "integrity": "sha512-JVzAR/AjBvVt2BmYhxRCSYysDsPcssdmTFnzyLEts9qNwmjmu4JTAMYubEfwVOSwpQ1I1sKKFcxhZCI2buerfw=="
    }
  }
}
